
Microsoft Visual Studio Solution File, Format Version 12.00
# Visual Studio Version 17
VisualStudioVersion = 17.0.31521.260
MinimumVisualStudioVersion = 10.0.40219.1
Project("{9A19103F-16F7-4668-BE54-9A1E7A4F7556}") = "SocketFileTransfer", "SocketFileTransfer\SocketFileTransfer.csproj", "{469F28D1-D188-44E2-B058-5B589D25B10C}"
EndProject
Project("{9A19103F-16F7-4668-BE54-9A1E7A4F7556}") = "NativeWifi", "NativeWifi\NativeWifi.csproj", "{F6A8C90B-D3EC-4754-94E8-2E1281CD3C85}"
EndProject
Project("{2150E333-8FDC-42A3-9474-1A3956D46DE8}") = "Solution Items", "Solution Items", "{C14AE20B-FB28-4028-B3E6-B3E1DC7369F5}"
	ProjectSection(SolutionItems) = preProject
		.editorconfig = .editorconfig
	EndProjectSection
EndProject
Project("{FAE04EC0-301F-11D3-BF4B-00C04F79EFBC}") = "UtilitiTools1", "UtilitiTools1\UtilitiTools1.csproj", "{B6876763-AAEF-44F2-AA7C-9FE96CF380C9}"
EndProject
Global
	GlobalSection(SolutionConfigurationPlatforms) = preSolution
		Debug|Any CPU = Debug|Any CPU
		Release|Any CPU = Release|Any CPU
	EndGlobalSection
	GlobalSection(ProjectConfigurationPlatforms) = postSolution
		{469F28D1-D188-44E2-B058-5B589D25B10C}.Debug|Any CPU.ActiveCfg = Debug|Any CPU
		{469F28D1-D188-44E2-B058-5B589D25B10C}.Debug|Any CPU.Build.0 = Debug|Any CPU
		{469F28D1-D188-44E2-B058-5B589D25B10C}.Release|Any CPU.ActiveCfg = Release|Any CPU
		{469F28D1-D188-44E2-B058-5B589D25B10C}.Release|Any CPU.Build.0 = Release|Any CPU
		{F6A8C90B-D3EC-4754-94E8-2E1281CD3C85}.Debug|Any CPU.ActiveCfg = Debug|Any CPU
		{F6A8C90B-D3EC-4754-94E8-2E1281CD3C85}.Debug|Any CPU.Build.0 = Debug|Any CPU
		{F6A8C90B-D3EC-4754-94E8-2E1281CD3C85}.Release|Any CPU.ActiveCfg = Release|Any CPU
		{F6A8C90B-D3EC-4754-94E8-2E1281CD3C85}.Release|Any CPU.Build.0 = Release|Any CPU
		{B6876763-AAEF-44F2-AA7C-9FE96CF380C9}.Debug|Any CPU.ActiveCfg = Debug|Any CPU
		{B6876763-AAEF-44F2-AA7C-9FE96CF380C9}.Debug|Any CPU.Build.0 = Debug|Any CPU
		{B6876763-AAEF-44F2-AA7C-9FE96CF380C9}.Release|Any CPU.ActiveCfg = Release|Any CPU
		{B6876763-AAEF-44F2-AA7C-9FE96CF380C9}.Release|Any CPU.Build.0 = Release|Any CPU
	EndGlobalSection
	GlobalSection(SolutionProperties) = preSolution
		HideSolutionNode = FALSE
	EndGlobalSection
	GlobalSection(ExtensibilityGlobals) = postSolution
		SolutionGuid = {7A8DC3D4-F385-47F7-B14E-CFB5CA12FD3B}
	EndGlobalSection
EndGlobal
